
Microsoft Visual Studio Solution File, Format Version 12.00
# Visual Studio Version 17
VisualStudioVersion = 17.10.35122.118
MinimumVisualStudioVersion = 10.0.40219.1
Project("{FAE04EC0-301F-11D3-BF4B-00C04F79EFBC}") = "Chuong7_lythuyet", "Chuong7_lythuyet\Chuong7_lythuyet.csproj", "{46CC2B90-7A76-4CEB-A559-BADD9FB6B5B5}"
EndProject
Project("{FAE04EC0-301F-11D3-BF4B-00C04F79EFBC}") = "7.12", "7.12\7.12.csproj", "{B8937F3B-BB05-448F-AB5B-5D94EB5DBB69}"
EndProject
Project("{FAE04EC0-301F-11D3-BF4B-00C04F79EFBC}") = "7.13", "7.13\7.13.csproj", "{DFB602B7-CAF6-4631-870A-85DEFA6C99EF}"
EndProject
Project("{FAE04EC0-301F-11D3-BF4B-00C04F79EFBC}") = "7.14", "7.14\7.14.csproj", "{B405100F-A0B0-4EFD-840B-646499378E6B}"
EndProject
Global
	GlobalSection(SolutionConfigurationPlatforms) = preSolution
		Debug|Any CPU = Debug|Any CPU
		Release|Any CPU = Release|Any CPU
	EndGlobalSection
	GlobalSection(ProjectConfigurationPlatforms) = postSolution
		{46CC2B90-7A76-4CEB-A559-BADD9FB6B5B5}.Debug|Any CPU.ActiveCfg = Debug|Any CPU
		{46CC2B90-7A76-4CEB-A559-BADD9FB6B5B5}.Debug|Any CPU.Build.0 = Debug|Any CPU
		{46CC2B90-7A76-4CEB-A559-BADD9FB6B5B5}.Release|Any CPU.ActiveCfg = Release|Any CPU
		{46CC2B90-7A76-4CEB-A559-BADD9FB6B5B5}.Release|Any CPU.Build.0 = Release|Any CPU
		{B8937F3B-BB05-448F-AB5B-5D94EB5DBB69}.Debug|Any CPU.ActiveCfg = Debug|Any CPU
		{B8937F3B-BB05-448F-AB5B-5D94EB5DBB69}.Debug|Any CPU.Build.0 = Debug|Any CPU
		{B8937F3B-BB05-448F-AB5B-5D94EB5DBB69}.Release|Any CPU.ActiveCfg = Release|Any CPU
		{B8937F3B-BB05-448F-AB5B-5D94EB5DBB69}.Release|Any CPU.Build.0 = Release|Any CPU
		{DFB602B7-CAF6-4631-870A-85DEFA6C99EF}.Debug|Any CPU.ActiveCfg = Debug|Any CPU
		{DFB602B7-CAF6-4631-870A-85DEFA6C99EF}.Debug|Any CPU.Build.0 = Debug|Any CPU
		{DFB602B7-CAF6-4631-870A-85DEFA6C99EF}.Release|Any CPU.ActiveCfg = Release|Any CPU
		{DFB602B7-CAF6-4631-870A-85DEFA6C99EF}.Release|Any CPU.Build.0 = Release|Any CPU
		{B405100F-A0B0-4EFD-840B-646499378E6B}.Debug|Any CPU.ActiveCfg = Debug|Any CPU
		{B405100F-A0B0-4EFD-840B-646499378E6B}.Debug|Any CPU.Build.0 = Debug|Any CPU
		{B405100F-A0B0-4EFD-840B-646499378E6B}.Release|Any CPU.ActiveCfg = Release|Any CPU
		{B405100F-A0B0-4EFD-840B-646499378E6B}.Release|Any CPU.Build.0 = Release|Any CPU
	EndGlobalSection
	GlobalSection(SolutionProperties) = preSolution
		HideSolutionNode = FALSE
	EndGlobalSection
	GlobalSection(ExtensibilityGlobals) = postSolution
		SolutionGuid = {874CE67A-320B-4DE4-AE0F-EA40069758F3}
	EndGlobalSection
EndGlobal
